// !$*UTF8*$!
{
	archiveVersion = 1;
	classes = {
	};
	objectVersion = 56;
	objects = {

/* Begin PBXBuildFile section */
		080E716A2C2BA3790066D333 /* Games_macOSApp.swift in Sources */ = {isa = PBXBuildFile; fileRef = 080E71692C2BA3790066D333 /* Games_macOSApp.swift */; };
		080E716C2C2BA3790066D333 /* ContentView.swift in Sources */ = {isa = PBXBuildFile; fileRef = 080E716B2C2BA3790066D333 /* ContentView.swift */; };
		080E716E2C2BA3790066D333 /* Item.swift in Sources */ = {isa = PBXBuildFile; fileRef = 080E716D2C2BA3790066D333 /* Item.swift */; };
		080E71702C2BA37B0066D333 /* Assets.xcassets in Resources */ = {isa = PBXBuildFile; fileRef = 080E716F2C2BA37B0066D333 /* Assets.xcassets */; };
		080E71732C2BA37B0066D333 /* Preview Assets.xcassets in Resources */ = {isa = PBXBuildFile; fileRef = 080E71722C2BA37B0066D333 /* Preview Assets.xcassets */; };
		080E717E2C2BA37B0066D333 /* Games_macOSTests.swift in Sources */ = {isa = PBXBuildFile; fileRef = 080E717D2C2BA37B0066D333 /* Games_macOSTests.swift */; };
		080E71882C2BA37B0066D333 /* Games_macOSUITests.swift in Sources */ = {isa = PBXBuildFile; fileRef = 080E71872C2BA37B0066D333 /* Games_macOSUITests.swift */; };
		080E718A2C2BA37B0066D333 /* Games_macOSUITestsLaunchTests.swift in Sources */ = {isa = PBXBuildFile; fileRef = 080E71892C2BA37B0066D333 /* Games_macOSUITestsLaunchTests.swift */; };
/* End PBXBuildFile section */

/* Begin PBXContainerItemProxy section */
		080E717A2C2BA37B0066D333 /* PBXContainerItemProxy */ = {
			isa = PBXContainerItemProxy;
			containerPortal = 080E715E2C2BA3790066D333 /* Project object */;
			proxyType = 1;
			remoteGlobalIDString = 080E71652C2BA3790066D333;
			remoteInfo = Games.macOS;
		};
		080E71842C2BA37B0066D333 /* PBXContainerItemProxy */ = {
			isa = PBXContainerItemProxy;
			containerPortal = 080E715E2C2BA3790066D333 /* Project object */;
			proxyType = 1;
			remoteGlobalIDString = 080E71652C2BA3790066D333;
			remoteInfo = Games.macOS;
		};
/* End PBXContainerItemProxy section */

/* Begin PBXFileReference section */
		080E71662C2BA3790066D333 /* Games.macOS.app */ = {isa = PBXFileReference; explicitFileType = wrapper.application; includeInIndex = 0; path = Games.macOS.app; sourceTree = BUILT_PRODUCTS_DIR; };
		080E71692C2BA3790066D333 /* Games_macOSApp.swift */ = {isa = PBXFileReference; lastKnownFileType = sourcecode.swift; path = Games_macOSApp.swift; sourceTree = "<group>"; };
		080E716B2C2BA3790066D333 /* ContentView.swift */ = {isa = PBXFileReference; lastKnownFileType = sourcecode.swift; path = ContentView.swift; sourceTree = "<group>"; };
		080E716D2C2BA3790066D333 /* Item.swift */ = {isa = PBXFileReference; lastKnownFileType = sourcecode.swift; path = Item.swift; sourceTree = "<group>"; };
		080E716F2C2BA37B0066D333 /* Assets.xcassets */ = {isa = PBXFileReference; lastKnownFileType = folder.assetcatalog; path = Assets.xcassets; sourceTree = "<group>"; };
		080E71722C2BA37B0066D333 /* Preview Assets.xcassets */ = {isa = PBXFileReference; lastKnownFileType = folder.assetcatalog; path = "Preview Assets.xcassets"; sourceTree = "<group>"; };
		080E71742C2BA37B0066D333 /* Games_macOS.entitlements */ = {isa = PBXFileReference; lastKnownFileType = text.plist.entitlements; path = Games_macOS.entitlements; sourceTree = "<group>"; };
		080E71792C2BA37B0066D333 /* Games.macOSTests.xctest */ = {isa = PBXFileReference; explicitFileType = wrapper.cfbundle; includeInIndex = 0; path = Games.macOSTests.xctest; sourceTree = BUILT_PRODUCTS_DIR; };
		080E717D2C2BA37B0066D333 /* Games_macOSTests.swift */ = {isa = PBXFileReference; lastKnownFileType = sourcecode.swift; path = Games_macOSTests.swift; sourceTree = "<group>"; };
		080E71832C2BA37B0066D333 /* Games.macOSUITests.xctest */ = {isa = PBXFileReference; explicitFileType = wrapper.cfbundle; includeInIndex = 0; path = Games.macOSUITests.xctest; sourceTree = BUILT_PRODUCTS_DIR; };
		080E71872C2BA37B0066D333 /* Games_macOSUITests.swift */ = {isa = PBXFileReference; lastKnownFileType = sourcecode.swift; path = Games_macOSUITests.swift; sourceTree = "<group>"; };
		080E71892C2BA37B0066D333 /* Games_macOSUITestsLaunchTests.swift */ = {isa = PBXFileReference; lastKnownFileType = sourcecode.swift; path = Games_macOSUITestsLaunchTests.swift; sourceTree = "<group>"; };
/* End PBXFileReference section */

/* Begin PBXFrameworksBuildPhase section */
		080E71632C2BA3790066D333 /* Frameworks */ = {
			isa = PBXFrameworksBuildPhase;
			buildActionMask = 2147483647;
			files = (
			);
			runOnlyForDeploymentPostprocessing = 0;
		};
		080E71762C2BA37B0066D333 /* Frameworks */ = {
			isa = PBXFrameworksBuildPhase;
			buildActionMask = 2147483647;
			files = (
			);
			runOnlyForDeploymentPostprocessing = 0;
		};
		080E71802C2BA37B0066D333 /* Frameworks */ = {
			isa = PBXFrameworksBuildPhase;
			buildActionMask = 2147483647;
			files = (
			);
			runOnlyForDeploymentPostprocessing = 0;
		};
/* End PBXFrameworksBuildPhase section */

/* Begin PBXGroup section */
		080E715D2C2BA3790066D333 = {
			isa = PBXGroup;
			children = (
				080E71682C2BA3790066D333 /* Games.macOS */,
				080E717C2C2BA37B0066D333 /* Games.macOSTests */,
				080E71862C2BA37B0066D333 /* Games.macOSUITests */,
				080E71672C2BA3790066D333 /* Products */,
			);
			sourceTree = "<group>";
		};
		080E71672C2BA3790066D333 /* Products */ = {
			isa = PBXGroup;
			children = (
				080E71662C2BA3790066D333 /* Games.macOS.app */,
				080E71792C2BA37B0066D333 /* Games.macOSTests.xctest */,
				080E71832C2BA37B0066D333 /* Games.macOSUITests.xctest */,
			);
			name = Products;
			sourceTree = "<group>";
		};
		080E71682C2BA3790066D333 /* Games.macOS */ = {
			isa = PBXGroup;
			children = (
				080E71692C2BA3790066D333 /* Games_macOSApp.swift */,
				080E716B2C2BA3790066D333 /* ContentView.swift */,
				080E716D2C2BA3790066D333 /* Item.swift */,
				080E716F2C2BA37B0066D333 /* Assets.xcassets */,
				080E71742C2BA37B0066D333 /* Games_macOS.entitlements */,
				080E71712C2BA37B0066D333 /* Preview Content */,
			);
			path = Games.macOS;
			sourceTree = "<group>";
		};
		080E71712C2BA37B0066D333 /* Preview Content */ = {
			isa = PBXGroup;
			children = (
				080E71722C2BA37B0066D333 /* Preview Assets.xcassets */,
			);
			path = "Preview Content";
			sourceTree = "<group>";
		};
		080E717C2C2BA37B0066D333 /* Games.macOSTests */ = {
			isa = PBXGroup;
			children = (
				080E717D2C2BA37B0066D333 /* Games_macOSTests.swift */,
			);
			path = Games.macOSTests;
			sourceTree = "<group>";
		};
		080E71862C2BA37B0066D333 /* Games.macOSUITests */ = {
			isa = PBXGroup;
			children = (
				080E71872C2BA37B0066D333 /* Games_macOSUITests.swift */,
				080E71892C2BA37B0066D333 /* Games_macOSUITestsLaunchTests.swift */,
			);
			path = Games.macOSUITests;
			sourceTree = "<group>";
		};
/* End PBXGroup section */

/* Begin PBXNativeTarget section */
		080E71652C2BA3790066D333 /* Games.macOS */ = {
			isa = PBXNativeTarget;
			buildConfigurationList = 080E718D2C2BA37B0066D333 /* Build configuration list for PBXNativeTarget "Games.macOS" */;
			buildPhases = (
				080E71622C2BA3790066D333 /* Sources */,
				080E71632C2BA3790066D333 /* Frameworks */,
				080E71642C2BA3790066D333 /* Resources */,
			);
			buildRules = (
			);
			dependencies = (
			);
			name = Games.macOS;
			productName = Games.macOS;
			productReference = 080E71662C2BA3790066D333 /* Games.macOS.app */;
			productType = "com.apple.product-type.application";
		};
		080E71782C2BA37B0066D333 /* Games.macOSTests */ = {
			isa = PBXNativeTarget;
			buildConfigurationList = 080E71902C2BA37B0066D333 /* Build configuration list for PBXNativeTarget "Games.macOSTests" */;
			buildPhases = (
				080E71752C2BA37B0066D333 /* Sources */,
				080E71762C2BA37B0066D333 /* Frameworks */,
				080E71772C2BA37B0066D333 /* Resources */,
			);
			buildRules = (
			);
			dependencies = (
				080E717B2C2BA37B0066D333 /* PBXTargetDependency */,
			);
			name = Games.macOSTests;
			productName = Games.macOSTests;
			productReference = 080E71792C2BA37B0066D333 /* Games.macOSTests.xctest */;
			productType = "com.apple.product-type.bundle.unit-test";
		};
		080E71822C2BA37B0066D333 /* Games.macOSUITests */ = {
			isa = PBXNativeTarget;
			buildConfigurationList = 080E71932C2BA37B0066D333 /* Build configuration list for PBXNativeTarget "Games.macOSUITests" */;
			buildPhases = (
				080E717F2C2BA37B0066D333 /* Sources */,
				080E71802C2BA37B0066D333 /* Frameworks */,
				080E71812C2BA37B0066D333 /* Resources */,
			);
			buildRules = (
			);
			dependencies = (
				080E71852C2BA37B0066D333 /* PBXTargetDependency */,
			);
			name = Games.macOSUITests;
			productName = Games.macOSUITests;
			productReference = 080E71832C2BA37B0066D333 /* Games.macOSUITests.xctest */;
			productType = "com.apple.product-type.bundle.ui-testing";
		};
/* End PBXNativeTarget section */

/* Begin PBXProject section */
		080E715E2C2BA3790066D333 /* Project object */ = {
			isa = PBXProject;
			attributes = {
				BuildIndependentTargetsInParallel = 1;
				LastSwiftUpdateCheck = 1540;
				LastUpgradeCheck = 1540;
				TargetAttributes = {
					080E71652C2BA3790066D333 = {
						CreatedOnToolsVersion = 15.4;
					};
					080E71782C2BA37B0066D333 = {
						CreatedOnToolsVersion = 15.4;
						TestTargetID = 080E71652C2BA3790066D333;
					};
					080E71822C2BA37B0066D333 = {
						CreatedOnToolsVersion = 15.4;
						TestTargetID = 080E71652C2BA3790066D333;
					};
				};
			};
			buildConfigurationList = 080E71612C2BA3790066D333 /* Build configuration list for PBXProject "Games.macOS" */;
			compatibilityVersion = "Xcode 14.0";
			developmentRegion = en;
			hasScannedForEncodings = 0;
			knownRegions = (
				en,
				Base,
			);
			mainGroup = 080E715D2C2BA3790066D333;
			productRefGroup = 080E71672C2BA3790066D333 /* Products */;
			projectDirPath = "";
			projectRoot = "";
			targets = (
				080E71652C2BA3790066D333 /* Games.macOS */,
				080E71782C2BA37B0066D333 /* Games.macOSTests */,
				080E71822C2BA37B0066D333 /* Games.macOSUITests */,
			);
		};
/* End PBXProject section */

/* Begin PBXResourcesBuildPhase section */
		080E71642C2BA3790066D333 /* Resources */ = {
			isa = PBXResourcesBuildPhase;
			buildActionMask = 2147483647;
			files = (
				080E71732C2BA37B0066D333 /* Preview Assets.xcassets in Resources */,
				080E71702C2BA37B0066D333 /* Assets.xcassets in Resources */,
			);
			runOnlyForDeploymentPostprocessing = 0;
		};
		080E71772C2BA37B0066D333 /* Resources */ = {
			isa = PBXResourcesBuildPhase;
			buildActionMask = 2147483647;
			files = (
			);
			runOnlyForDeploymentPostprocessing = 0;
		};
		080E71812C2BA37B0066D333 /* Resources */ = {
			isa = PBXResourcesBuildPhase;
			buildActionMask = 2147483647;
			files = (
			);
			runOnlyForDeploymentPostprocessing = 0;
		};
/* End PBXResourcesBuildPhase section */

/* Begin PBXSourcesBuildPhase section */
		080E71622C2BA3790066D333 /* Sources */ = {
			isa = PBXSourcesBuildPhase;
			buildActionMask = 2147483647;
			files = (
				080E716C2C2BA3790066D333 /* ContentView.swift in Sources */,
				080E716E2C2BA3790066D333 /* Item.swift in Sources */,
				080E716A2C2BA3790066D333 /* Games_macOSApp.swift in Sources */,
			);
			runOnlyForDeploymentPostprocessing = 0;
		};
		080E71752C2BA37B0066D333 /* Sources */ = {
			isa = PBXSourcesBuildPhase;
			buildActionMask = 2147483647;
			files = (
				080E717E2C2BA37B0066D333 /* Games_macOSTests.swift in Sources */,
			);
			runOnlyForDeploymentPostprocessing = 0;
		};
		080E717F2C2BA37B0066D333 /* Sources */ = {
			isa = PBXSourcesBuildPhase;
			buildActionMask = 2147483647;
			files = (
				080E718A2C2BA37B0066D333 /* Games_macOSUITestsLaunchTests.swift in Sources */,
				080E71882C2BA37B0066D333 /* Games_macOSUITests.swift in Sources */,
			);
			runOnlyForDeploymentPostprocessing = 0;
		};
/* End PBXSourcesBuildPhase section */

/* Begin PBXTargetDependency section */
		080E717B2C2BA37B0066D333 /* PBXTargetDependency */ = {
			isa = PBXTargetDependency;
			target = 080E71652C2BA3790066D333 /* Games.macOS */;
			targetProxy = 080E717A2C2BA37B0066D333 /* PBXContainerItemProxy */;
		};
		080E71852C2BA37B0066D333 /* PBXTargetDependency */ = {
			isa = PBXTargetDependency;
			target = 080E71652C2BA3790066D333 /* Games.macOS */;
			targetProxy = 080E71842C2BA37B0066D333 /* PBXContainerItemProxy */;
		};
/* End PBXTargetDependency section */

/* Begin XCBuildConfiguration section */
		080E718B2C2BA37B0066D333 /* Debug */ = {
			isa = XCBuildConfiguration;
			buildSettings = {
				ALWAYS_SEARCH_USER_PATHS = NO;
				ASSETCATALOG_COMPILER_GENERATE_SWIFT_ASSET_SYMBOL_EXTENSIONS = YES;
				CLANG_ANALYZER_NONNULL = YES;
				CLANG_ANALYZER_NUMBER_OBJECT_CONVERSION = YES_AGGRESSIVE;
				CLANG_CXX_LANGUAGE_STANDARD = "gnu++20";
				CLANG_ENABLE_MODULES = YES;
				CLANG_ENABLE_OBJC_ARC = YES;
				CLANG_ENABLE_OBJC_WEAK = YES;
				CLANG_WARN_BLOCK_CAPTURE_AUTORELEASING = YES;
				CLANG_WARN_BOOL_CONVERSION = YES;
				CLANG_WARN_COMMA = YES;
				CLANG_WARN_CONSTANT_CONVERSION = YES;
				CLANG_WARN_DEPRECATED_OBJC_IMPLEMENTATIONS = YES;
				CLANG_WARN_DIRECT_OBJC_ISA_USAGE = YES_ERROR;
				CLANG_WARN_DOCUMENTATION_COMMENTS = YES;
				CLANG_WARN_EMPTY_BODY = YES;
				CLANG_WARN_ENUM_CONVERSION = YES;
				CLANG_WARN_INFINITE_RECURSION = YES;
				CLANG_WARN_INT_CONVERSION = YES;
				CLANG_WARN_NON_LITERAL_NULL_CONVERSION = YES;
				CLANG_WARN_OBJC_IMPLICIT_RETAIN_SELF = YES;
				CLANG_WARN_OBJC_LITERAL_CONVERSION = YES;
				CLANG_WARN_OBJC_ROOT_CLASS = YES_ERROR;
				CLANG_WARN_QUOTED_INCLUDE_IN_FRAMEWORK_HEADER = YES;
				CLANG_WARN_RANGE_LOOP_ANALYSIS = YES;
				CLANG_WARN_STRICT_PROTOTYPES = YES;
				CLANG_WARN_SUSPICIOUS_MOVE = YES;
				CLANG_WARN_UNGUARDED_AVAILABILITY = YES_AGGRESSIVE;
				CLANG_WARN_UNREACHABLE_CODE = YES;
				CLANG_WARN__DUPLICATE_METHOD_MATCH = YES;
				COPY_PHASE_STRIP = NO;
				DEBUG_INFORMATION_FORMAT = dwarf;
				ENABLE_STRICT_OBJC_MSGSEND = YES;
				ENABLE_TESTABILITY = YES;
				ENABLE_USER_SCRIPT_SANDBOXING = YES;
				GCC_C_LANGUAGE_STANDARD = gnu17;
				GCC_DYNAMIC_NO_PIC = NO;
				GCC_NO_COMMON_BLOCKS = YES;
				GCC_OPTIMIZATION_LEVEL = 0;
				GCC_PREPROCESSOR_DEFINITIONS = (
					"DEBUG=1",
					"$(inherited)",
				);
				GCC_WARN_64_TO_32_BIT_CONVERSION = YES;
				GCC_WARN_ABOUT_RETURN_TYPE = YES_ERROR;
				GCC_WARN_UNDECLARED_SELECTOR = YES;
				GCC_WARN_UNINITIALIZED_AUTOS = YES_AGGRESSIVE;
				GCC_WARN_UNUSED_FUNCTION = YES;
				GCC_WARN_UNUSED_VARIABLE = YES;
				LOCALIZATION_PREFERS_STRING_CATALOGS = YES;
				MACOSX_DEPLOYMENT_TARGET = 14.1;
				MTL_ENABLE_DEBUG_INFO = INCLUDE_SOURCE;
				MTL_FAST_MATH = YES;
				ONLY_ACTIVE_ARCH = YES;
				SDKROOT = macosx;
				SWIFT_ACTIVE_COMPILATION_CONDITIONS = "DEBUG $(inherited)";
				SWIFT_OPTIMIZATION_LEVEL = "-Onone";
			};
			name = Debug;
		};
		080E718C2C2BA37B0066D333 /* Release */ = {
			isa = XCBuildConfiguration;
			buildSettings = {
				ALWAYS_SEARCH_USER_PATHS = NO;
				ASSETCATALOG_COMPILER_GENERATE_SWIFT_ASSET_SYMBOL_EXTENSIONS = YES;
				CLANG_ANALYZER_NONNULL = YES;
				CLANG_ANALYZER_NUMBER_OBJECT_CONVERSION = YES_AGGRESSIVE;
				CLANG_CXX_LANGUAGE_STANDARD = "gnu++20";
				CLANG_ENABLE_MODULES = YES;
				CLANG_ENABLE_OBJC_ARC = YES;
				CLANG_ENABLE_OBJC_WEAK = YES;
				CLANG_WARN_BLOCK_CAPTURE_AUTORELEASING = YES;
				CLANG_WARN_BOOL_CONVERSION = YES;
				CLANG_WARN_COMMA = YES;
				CLANG_WARN_CONSTANT_CONVERSION = YES;
				CLANG_WARN_DEPRECATED_OBJC_IMPLEMENTATIONS = YES;
				CLANG_WARN_DIRECT_OBJC_ISA_USAGE = YES_ERROR;
				CLANG_WARN_DOCUMENTATION_COMMENTS = YES;
				CLANG_WARN_EMPTY_BODY = YES;
				CLANG_WARN_ENUM_CONVERSION = YES;
				CLANG_WARN_INFINITE_RECURSION = YES;
				CLANG_WARN_INT_CONVERSION = YES;
				CLANG_WARN_NON_LITERAL_NULL_CONVERSION = YES;
				CLANG_WARN_OBJC_IMPLICIT_RETAIN_SELF = YES;
				CLANG_WARN_OBJC_LITERAL_CONVERSION = YES;
				CLANG_WARN_OBJC_ROOT_CLASS = YES_ERROR;
				CLANG_WARN_QUOTED_INCLUDE_IN_FRAMEWORK_HEADER = YES;
				CLANG_WARN_RANGE_LOOP_ANALYSIS = YES;
				CLANG_WARN_STRICT_PROTOTYPES = YES;
				CLANG_WARN_SUSPICIOUS_MOVE = YES;
				CLANG_WARN_UNGUARDED_AVAILABILITY = YES_AGGRESSIVE;
				CLANG_WARN_UNREACHABLE_CODE = YES;
				CLANG_WARN__DUPLICATE_METHOD_MATCH = YES;
				COPY_PHASE_STRIP = NO;
				DEBUG_INFORMATION_FORMAT = "dwarf-with-dsym";
				ENABLE_NS_ASSERTIONS = NO;
				ENABLE_STRICT_OBJC_MSGSEND = YES;
				ENABLE_USER_SCRIPT_SANDBOXING = YES;
				GCC_C_LANGUAGE_STANDARD = gnu17;
				GCC_NO_COMMON_BLOCKS = YES;
				GCC_WARN_64_TO_32_BIT_CONVERSION = YES;
				GCC_WARN_ABOUT_RETURN_TYPE = YES_ERROR;
				GCC_WARN_UNDECLARED_SELECTOR = YES;
				GCC_WARN_UNINITIALIZED_AUTOS = YES_AGGRESSIVE;
				GCC_WARN_UNUSED_FUNCTION = YES;
				GCC_WARN_UNUSED_VARIABLE = YES;
				LOCALIZATION_PREFERS_STRING_CATALOGS = YES;
				MACOSX_DEPLOYMENT_TARGET = 14.1;
				MTL_ENABLE_DEBUG_INFO = NO;
				MTL_FAST_MATH = YES;
				SDKROOT = macosx;
				SWIFT_COMPILATION_MODE = wholemodule;
			};
			name = Release;
		};
		080E718E2C2BA37B0066D333 /* Debug */ = {
			isa = XCBuildConfiguration;
			buildSettings = {
				ASSETCATALOG_COMPILER_APPICON_NAME = AppIcon;
				ASSETCATALOG_COMPILER_GLOBAL_ACCENT_COLOR_NAME = AccentColor;
				CODE_SIGN_ENTITLEMENTS = Games.macOS/Games_macOS.entitlements;
				CODE_SIGN_STYLE = Automatic;
				COMBINE_HIDPI_IMAGES = YES;
				CURRENT_PROJECT_VERSION = 1;
				DEVELOPMENT_ASSET_PATHS = "\"Games.macOS/Preview Content\"";
				DEVELOPMENT_TEAM = 56K496473Q;
				ENABLE_HARDENED_RUNTIME = YES;
				ENABLE_PREVIEWS = YES;
				GENERATE_INFOPLIST_FILE = YES;
				INFOPLIST_KEY_NSHumanReadableCopyright = "";
				LD_RUNPATH_SEARCH_PATHS = (
					"$(inherited)",
					"@executable_path/../Frameworks",
				);
				MACOSX_DEPLOYMENT_TARGET = 14.0;
				MARKETING_VERSION = 1.0;
				PRODUCT_BUNDLE_IDENTIFIER = "myty.Games-macOS";
				PRODUCT_NAME = "$(TARGET_NAME)";
				SWIFT_EMIT_LOC_STRINGS = YES;
				SWIFT_VERSION = 5.0;
			};
			name = Debug;
		};
		080E718F2C2BA37B0066D333 /* Release */ = {
			isa = XCBuildConfiguration;
			buildSettings = {
				ASSETCATALOG_COMPILER_APPICON_NAME = AppIcon;
				ASSETCATALOG_COMPILER_GLOBAL_ACCENT_COLOR_NAME = AccentColor;
				CODE_SIGN_ENTITLEMENTS = Games.macOS/Games_macOS.entitlements;
				CODE_SIGN_STYLE = Automatic;
				COMBINE_HIDPI_IMAGES = YES;
				CURRENT_PROJECT_VERSION = 1;
				DEVELOPMENT_ASSET_PATHS = "\"Games.macOS/Preview Content\"";
				DEVELOPMENT_TEAM = 56K496473Q;
				ENABLE_HARDENED_RUNTIME = YES;
				ENABLE_PREVIEWS = YES;
				GENERATE_INFOPLIST_FILE = YES;
				INFOPLIST_KEY_NSHumanReadableCopyright = "";
				LD_RUNPATH_SEARCH_PATHS = (
					"$(inherited)",
					"@executable_path/../Frameworks",
				);
				MACOSX_DEPLOYMENT_TARGET = 14.0;
				MARKETING_VERSION = 1.0;
				PRODUCT_BUNDLE_IDENTIFIER = "myty.Games-macOS";
				PRODUCT_NAME = "$(TARGET_NAME)";
				SWIFT_EMIT_LOC_STRINGS = YES;
				SWIFT_VERSION = 5.0;
			};
			name = Release;
		};
		080E71912C2BA37B0066D333 /* Debug */ = {
			isa = XCBuildConfiguration;
			buildSettings = {
				ALWAYS_EMBED_SWIFT_STANDARD_LIBRARIES = YES;
				BUNDLE_LOADER = "$(TEST_HOST)";
				CODE_SIGN_STYLE = Automatic;
				CURRENT_PROJECT_VERSION = 1;
				DEVELOPMENT_TEAM = 56K496473Q;
				GENERATE_INFOPLIST_FILE = YES;
				MACOSX_DEPLOYMENT_TARGET = 14.0;
				MARKETING_VERSION = 1.0;
				PRODUCT_BUNDLE_IDENTIFIER = "myty.Games-macOSTests";
				PRODUCT_NAME = "$(TARGET_NAME)";
				SWIFT_EMIT_LOC_STRINGS = NO;
				SWIFT_VERSION = 5.0;
				TEST_HOST = "$(BUILT_PRODUCTS_DIR)/Games.macOS.app/$(BUNDLE_EXECUTABLE_FOLDER_PATH)/Games.macOS";
			};
			name = Debug;
		};
		080E71922C2BA37B0066D333 /* Release */ = {
			isa = XCBuildConfiguration;
			buildSettings = {
				ALWAYS_EMBED_SWIFT_STANDARD_LIBRARIES = YES;
				BUNDLE_LOADER = "$(TEST_HOST)";
				CODE_SIGN_STYLE = Automatic;
				CURRENT_PROJECT_VERSION = 1;
				DEVELOPMENT_TEAM = 56K496473Q;
				GENERATE_INFOPLIST_FILE = YES;
				MACOSX_DEPLOYMENT_TARGET = 14.0;
				MARKETING_VERSION = 1.0;
				PRODUCT_BUNDLE_IDENTIFIER = "myty.Games-macOSTests";
				PRODUCT_NAME = "$(TARGET_NAME)";
				SWIFT_EMIT_LOC_STRINGS = NO;
				SWIFT_VERSION = 5.0;
				TEST_HOST = "$(BUILT_PRODUCTS_DIR)/Games.macOS.app/$(BUNDLE_EXECUTABLE_FOLDER_PATH)/Games.macOS";
			};
			name = Release;
		};
		080E71942C2BA37B0066D333 /* Debug */ = {
			isa = XCBuildConfiguration;
			buildSettings = {
				ALWAYS_EMBED_SWIFT_STANDARD_LIBRARIES = YES;
				CODE_SIGN_STYLE = Automatic;
				CURRENT_PROJECT_VERSION = 1;
				DEVELOPMENT_TEAM = 56K496473Q;
				GENERATE_INFOPLIST_FILE = YES;
				MARKETING_VERSION = 1.0;
				PRODUCT_BUNDLE_IDENTIFIER = "myty.Games-macOSUITests";
				PRODUCT_NAME = "$(TARGET_NAME)";
				SWIFT_EMIT_LOC_STRINGS = NO;
				SWIFT_VERSION = 5.0;
				TEST_TARGET_NAME = Games.macOS;
			};
			name = Debug;
		};
		080E71952C2BA37B0066D333 /* Release */ = {
			isa = XCBuildConfiguration;
			buildSettings = {
				ALWAYS_EMBED_SWIFT_STANDARD_LIBRARIES = YES;
				CODE_SIGN_STYLE = Automatic;
				CURRENT_PROJECT_VERSION = 1;
				DEVELOPMENT_TEAM = 56K496473Q;
				GENERATE_INFOPLIST_FILE = YES;
				MARKETING_VERSION = 1.0;
				PRODUCT_BUNDLE_IDENTIFIER = "myty.Games-macOSUITests";
				PRODUCT_NAME = "$(TARGET_NAME)";
				SWIFT_EMIT_LOC_STRINGS = NO;
				SWIFT_VERSION = 5.0;
				TEST_TARGET_NAME = Games.macOS;
			};
			name = Release;
		};
/* End XCBuildConfiguration section */

/* Begin XCConfigurationList section */
		080E71612C2BA3790066D333 /* Build configuration list for PBXProject "Games.macOS" */ = {
			isa = XCConfigurationList;
			buildConfigurations = (
				080E718B2C2BA37B0066D333 /* Debug */,
				080E718C2C2BA37B0066D333 /* Release */,
			);
			defaultConfigurationIsVisible = 0;
			defaultConfigurationName = Release;
		};
		080E718D2C2BA37B0066D333 /* Build configuration list for PBXNativeTarget "Games.macOS" */ = {
			isa = XCConfigurationList;
			buildConfigurations = (
				080E718E2C2BA37B0066D333 /* Debug */,
				080E718F2C2BA37B0066D333 /* Release */,
			);
			defaultConfigurationIsVisible = 0;
			defaultConfigurationName = Release;
		};
		080E71902C2BA37B0066D333 /* Build configuration list for PBXNativeTarget "Games.macOSTests" */ = {
			isa = XCConfigurationList;
			buildConfigurations = (
				080E71912C2BA37B0066D333 /* Debug */,
				080E71922C2BA37B0066D333 /* Release */,
			);
			defaultConfigurationIsVisible = 0;
			defaultConfigurationName = Release;
		};
		080E71932C2BA37B0066D333 /* Build configuration list for PBXNativeTarget "Games.macOSUITests" */ = {
			isa = XCConfigurationList;
			buildConfigurations = (
				080E71942C2BA37B0066D333 /* Debug */,
				080E71952C2BA37B0066D333 /* Release */,
			);
			defaultConfigurationIsVisible = 0;
			defaultConfigurationName = Release;
		};
/* End XCConfigurationList section */
	};
	rootObject = 080E715E2C2BA3790066D333 /* Project object */;
}
